
Microsoft Visual Studio Solution File, Format Version 12.00
# Visual Studio Version 16
VisualStudioVersion = 16.0.30320.27
MinimumVisualStudioVersion = 10.0.40219.1
Project("{FAE04EC0-301F-11D3-BF4B-00C04F79EFBC}") = "Translator", "Translator.csproj", "{7E2DF0AF-B5E3-4B3E-B447-7CF43C6079FC}"
EndProject
Project("{FAE04EC0-301F-11D3-BF4B-00C04F79EFBC}") = "TranslatorTests", "..\TranslatorTests\TranslatorTests.csproj", "{2FA98B22-A2E6-4660-BC7B-CE7D39A36A1D}"
EndProject
Global
	GlobalSection(SolutionConfigurationPlatforms) = preSolution
		Debug|Any CPU = Debug|Any CPU
		Release|Any CPU = Release|Any CPU
	EndGlobalSection
	GlobalSection(ProjectConfigurationPlatforms) = postSolution
		{7E2DF0AF-B5E3-4B3E-B447-7CF43C6079FC}.Debug|Any CPU.ActiveCfg = Debug|Any CPU
		{7E2DF0AF-B5E3-4B3E-B447-7CF43C6079FC}.Debug|Any CPU.Build.0 = Debug|Any CPU
		{7E2DF0AF-B5E3-4B3E-B447-7CF43C6079FC}.Release|Any CPU.ActiveCfg = Release|Any CPU
		{7E2DF0AF-B5E3-4B3E-B447-7CF43C6079FC}.Release|Any CPU.Build.0 = Release|Any CPU
		{2FA98B22-A2E6-4660-BC7B-CE7D39A36A1D}.Debug|Any CPU.ActiveCfg = Debug|Any CPU
		{2FA98B22-A2E6-4660-BC7B-CE7D39A36A1D}.Debug|Any CPU.Build.0 = Debug|Any CPU
		{2FA98B22-A2E6-4660-BC7B-CE7D39A36A1D}.Release|Any CPU.ActiveCfg = Release|Any CPU
		{2FA98B22-A2E6-4660-BC7B-CE7D39A36A1D}.Release|Any CPU.Build.0 = Release|Any CPU
	EndGlobalSection
	GlobalSection(SolutionProperties) = preSolution
		HideSolutionNode = FALSE
	EndGlobalSection
	GlobalSection(ExtensibilityGlobals) = postSolution
		SolutionGuid = {B3A7A958-D98C-4957-85A3-32A054B9AAD4}
	EndGlobalSection
EndGlobal
